
Microsoft Visual Studio Solution File, Format Version 12.00
# Visual Studio Version 16
VisualStudioVersion = 16.0.31829.152
MinimumVisualStudioVersion = 10.0.40219.1
Project("{8BC9CEB8-8B4A-11D0-8D11-00A0C91BC942}") = "Chess", "Chess\Chess.vcxproj", "{E37D37E7-BA14-437F-907F-27BE464753EC}"
EndProject
Global
	GlobalSection(SolutionConfigurationPlatforms) = preSolution
		Debug|x64 = Debug|x64
		Debug|x86 = Debug|x86
		Release|x64 = Release|x64
		Release|x86 = Release|x86
	EndGlobalSection
	GlobalSection(ProjectConfigurationPlatforms) = postSolution
		{E37D37E7-BA14-437F-907F-27BE464753EC}.Debug|x64.ActiveCfg = Debug|x64
		{E37D37E7-BA14-437F-907F-27BE464753EC}.Debug|x64.Build.0 = Debug|x64
		{E37D37E7-BA14-437F-907F-27BE464753EC}.Debug|x86.ActiveCfg = Debug|Win32
		{E37D37E7-BA14-437F-907F-27BE464753EC}.Debug|x86.Build.0 = Debug|Win32
		{E37D37E7-BA14-437F-907F-27BE464753EC}.Release|x64.ActiveCfg = Release|x64
		{E37D37E7-BA14-437F-907F-27BE464753EC}.Release|x64.Build.0 = Release|x64
		{E37D37E7-BA14-437F-907F-27BE464753EC}.Release|x86.ActiveCfg = Release|Win32
		{E37D37E7-BA14-437F-907F-27BE464753EC}.Release|x86.Build.0 = Release|Win32
	EndGlobalSection
	GlobalSection(SolutionProperties) = preSolution
		HideSolutionNode = FALSE
	EndGlobalSection
	GlobalSection(ExtensibilityGlobals) = postSolution
		SolutionGuid = {FBFBBB70-4107-43F5-B895-76C9F346347A}
	EndGlobalSection
EndGlobal
